
Microsoft Visual Studio Solution File, Format Version 10.00
# Visual Studio 2008
Project("{FAE04EC0-301F-11D3-BF4B-00C04F79EFBC}") = "Vlc.DotNet.Core", "Core\Vlc.DotNet.Core.csproj", "{B1C51DD7-9CD8-41E4-A288-CE950729DF59}"
EndProject
Project("{FAE04EC0-301F-11D3-BF4B-00C04F79EFBC}") = "Vlc.DotNet.Wpf", "Wpf\Vlc.DotNet.Wpf.csproj", "{02535B81-7D34-4CB7-8951-DC6A175C3245}"
EndProject
Project("{FAE04EC0-301F-11D3-BF4B-00C04F79EFBC}") = "Vlc.DotNet.Forms", "Forms\Vlc.DotNet.Forms.csproj", "{A3CDE3EB-B87C-46DA-A04F-3FAF5AEB355B}"
EndProject
Project("{2150E333-8FDC-42A3-9474-1A3956D46DE8}") = "Docs", "Docs", "{289796B4-9D94-4757-A3E6-A2607CB1870C}"
EndProject
Project("{2150E333-8FDC-42A3-9474-1A3956D46DE8}") = "0.9.8a", "0.9.8a", "{85989BF7-1165-48BB-B721-64A08ABC61C0}"
	ProjectSection(SolutionItems) = preProject
		Docs\0.9.8a\vlc-help.txt = Docs\0.9.8a\vlc-help.txt
	EndProjectSection
EndProject
Project("{2150E333-8FDC-42A3-9474-1A3956D46DE8}") = "0.9.9", "0.9.9", "{8316F76C-F8A6-4303-8A62-DFB9287433E5}"
	ProjectSection(SolutionItems) = preProject
		Docs\0.9.9\vlc-help.txt = Docs\0.9.9\vlc-help.txt
	EndProjectSection
EndProject
Global
	GlobalSection(TeamFoundationVersionControl) = preSolution
		SccNumberOfProjects = 4
		SccEnterpriseProvider = {4CA58AB2-18FA-4F8D-95D4-32DDF27D184C}
		SccTeamFoundationServer = https://tfs10.codeplex.com/
		SccLocalPath0 = .
		SccProjectUniqueName1 = Core\\Vlc.DotNet.Core.csproj
		SccProjectName1 = Core
		SccLocalPath1 = Core
		SccProjectUniqueName2 = Forms\\Vlc.DotNet.Forms.csproj
		SccProjectName2 = Forms
		SccLocalPath2 = Forms
		SccProjectUniqueName3 = Wpf\\Vlc.DotNet.Wpf.csproj
		SccProjectName3 = Wpf
		SccLocalPath3 = Wpf
	EndGlobalSection
	GlobalSection(SolutionConfigurationPlatforms) = preSolution
		Debug|Any CPU = Debug|Any CPU
		Release|Any CPU = Release|Any CPU
	EndGlobalSection
	GlobalSection(ProjectConfigurationPlatforms) = postSolution
		{B1C51DD7-9CD8-41E4-A288-CE950729DF59}.Debug|Any CPU.ActiveCfg = Debug|Any CPU
		{B1C51DD7-9CD8-41E4-A288-CE950729DF59}.Debug|Any CPU.Build.0 = Debug|Any CPU
		{B1C51DD7-9CD8-41E4-A288-CE950729DF59}.Release|Any CPU.ActiveCfg = Release|Any CPU
		{B1C51DD7-9CD8-41E4-A288-CE950729DF59}.Release|Any CPU.Build.0 = Release|Any CPU
		{02535B81-7D34-4CB7-8951-DC6A175C3245}.Debug|Any CPU.ActiveCfg = Debug|Any CPU
		{02535B81-7D34-4CB7-8951-DC6A175C3245}.Debug|Any CPU.Build.0 = Debug|Any CPU
		{02535B81-7D34-4CB7-8951-DC6A175C3245}.Release|Any CPU.ActiveCfg = Release|Any CPU
		{02535B81-7D34-4CB7-8951-DC6A175C3245}.Release|Any CPU.Build.0 = Release|Any CPU
		{A3CDE3EB-B87C-46DA-A04F-3FAF5AEB355B}.Debug|Any CPU.ActiveCfg = Debug|Any CPU
		{A3CDE3EB-B87C-46DA-A04F-3FAF5AEB355B}.Debug|Any CPU.Build.0 = Debug|Any CPU
		{A3CDE3EB-B87C-46DA-A04F-3FAF5AEB355B}.Release|Any CPU.ActiveCfg = Release|Any CPU
		{A3CDE3EB-B87C-46DA-A04F-3FAF5AEB355B}.Release|Any CPU.Build.0 = Release|Any CPU
	EndGlobalSection
	GlobalSection(SolutionProperties) = preSolution
		HideSolutionNode = FALSE
	EndGlobalSection
	GlobalSection(NestedProjects) = preSolution
		{85989BF7-1165-48BB-B721-64A08ABC61C0} = {289796B4-9D94-4757-A3E6-A2607CB1870C}
		{8316F76C-F8A6-4303-8A62-DFB9287433E5} = {289796B4-9D94-4757-A3E6-A2607CB1870C}
	EndGlobalSection
EndGlobal
