
Microsoft Visual Studio Solution File, Format Version 11.00
# Visual Studio 2010
Project("{FAE04EC0-301F-11D3-BF4B-00C04F79EFBC}") = "Vlc.DotNet.Core", "Vlc.DotNet.Core\Vlc.DotNet.Core.csproj", "{0DC24B0B-6862-4615-B62D-81795D2CDD07}"
EndProject
Project("{FAE04EC0-301F-11D3-BF4B-00C04F79EFBC}") = "Vlc.DotNet.Forms", "Vlc.DotNet.Forms\Vlc.DotNet.Forms.csproj", "{A720906B-705B-4666-BBB9-AC54B9208BEB}"
EndProject
Project("{2150E333-8FDC-42A3-9474-1A3956D46DE8}") = "Common", "Common", "{239597EA-35A4-4D44-9531-B4B420FA318D}"
	ProjectSection(SolutionItems) = preProject
		Common\Vlc.DotNet.pfx.snk = Common\Vlc.DotNet.pfx.snk
	EndProjectSection
EndProject
Project("{FAE04EC0-301F-11D3-BF4B-00C04F79EFBC}") = "Vlc.DotNet.Wpf", "Vlc.DotNet.Wpf\Vlc.DotNet.Wpf.csproj", "{F0657B1B-8F6C-4D9E-978A-021EF77AA0E7}"
EndProject
Project("{FAE04EC0-301F-11D3-BF4B-00C04F79EFBC}") = "Vlc.DotNet.Forms.SampleApplication", "Vlc.DotNet.Forms.SampleApplication\Vlc.DotNet.Forms.SampleApplication.csproj", "{62BCF1E6-C3D5-45AB-962D-99563C38614A}"
EndProject
Project("{FAE04EC0-301F-11D3-BF4B-00C04F79EFBC}") = "Vlc.DotNet.Wpf.SampleApplication", "Vlc.DotNet.Wpf.SampleApplication\Vlc.DotNet.Wpf.SampleApplication.csproj", "{41271969-A6C2-4B68-B111-1A23D1E15B31}"
EndProject
Project("{FAE04EC0-301F-11D3-BF4B-00C04F79EFBC}") = "Vlc.DotNet.Core.Interops", "Vlc.DotNet.Core.Interops\Vlc.DotNet.Core.Interops.csproj", "{7506DDE6-1D45-4FE0-8239-985C5F6EB605}"
EndProject
Global
	GlobalSection(TeamFoundationVersionControl) = preSolution
		SccNumberOfProjects = 7
		SccEnterpriseProvider = {4CA58AB2-18FA-4F8D-95D4-32DDF27D184C}
		SccTeamFoundationServer = https://tfs.codeplex.com/tfs/tfs10
		SccLocalPath0 = .
		SccProjectUniqueName1 = Vlc.DotNet.Core\\Vlc.DotNet.Core.csproj
		SccProjectName1 = Vlc.DotNet.Core
		SccLocalPath1 = Vlc.DotNet.Core
		SccProjectUniqueName2 = Vlc.DotNet.Forms.SampleApplication\\Vlc.DotNet.Forms.SampleApplication.csproj
		SccProjectName2 = Vlc.DotNet.Forms.SampleApplication
		SccLocalPath2 = Vlc.DotNet.Forms.SampleApplication
		SccProjectUniqueName3 = Vlc.DotNet.Forms\\Vlc.DotNet.Forms.csproj
		SccProjectName3 = Vlc.DotNet.Forms
		SccLocalPath3 = Vlc.DotNet.Forms
		SccProjectUniqueName4 = Vlc.DotNet.Wpf.SampleApplication\\Vlc.DotNet.Wpf.SampleApplication.csproj
		SccProjectName4 = Vlc.DotNet.Wpf.SampleApplication
		SccLocalPath4 = Vlc.DotNet.Wpf.SampleApplication
		SccProjectUniqueName5 = Vlc.DotNet.Wpf\\Vlc.DotNet.Wpf.csproj
		SccProjectName5 = Vlc.DotNet.Wpf
		SccLocalPath5 = Vlc.DotNet.Wpf
		SccProjectUniqueName6 = Vlc.DotNet.Core.Interops\\Vlc.DotNet.Core.Interops.csproj
		SccProjectName6 = Vlc.DotNet.Core.Interops
		SccLocalPath6 = Vlc.DotNet.Core.Interops
	EndGlobalSection
	GlobalSection(TestCaseManagementSettings) = postSolution
		CategoryFile = Vlc.DotNet.vsmdi
	EndGlobalSection
	GlobalSection(SolutionConfigurationPlatforms) = preSolution
		Debug|Any CPU = Debug|Any CPU
		Debug|Mixed Platforms = Debug|Mixed Platforms
		Debug|x86 = Debug|x86
		Release|Any CPU = Release|Any CPU
		Release|Mixed Platforms = Release|Mixed Platforms
		Release|x86 = Release|x86
	EndGlobalSection
	GlobalSection(ProjectConfigurationPlatforms) = postSolution
		{0DC24B0B-6862-4615-B62D-81795D2CDD07}.Debug|Any CPU.ActiveCfg = Debug|Any CPU
		{0DC24B0B-6862-4615-B62D-81795D2CDD07}.Debug|Any CPU.Build.0 = Debug|Any CPU
		{0DC24B0B-6862-4615-B62D-81795D2CDD07}.Debug|Mixed Platforms.ActiveCfg = Debug|Any CPU
		{0DC24B0B-6862-4615-B62D-81795D2CDD07}.Debug|Mixed Platforms.Build.0 = Debug|Any CPU
		{0DC24B0B-6862-4615-B62D-81795D2CDD07}.Debug|x86.ActiveCfg = Debug|Any CPU
		{0DC24B0B-6862-4615-B62D-81795D2CDD07}.Release|Any CPU.ActiveCfg = Release|Any CPU
		{0DC24B0B-6862-4615-B62D-81795D2CDD07}.Release|Any CPU.Build.0 = Release|Any CPU
		{0DC24B0B-6862-4615-B62D-81795D2CDD07}.Release|Mixed Platforms.ActiveCfg = Release|Any CPU
		{0DC24B0B-6862-4615-B62D-81795D2CDD07}.Release|Mixed Platforms.Build.0 = Release|Any CPU
		{0DC24B0B-6862-4615-B62D-81795D2CDD07}.Release|x86.ActiveCfg = Release|Any CPU
		{A720906B-705B-4666-BBB9-AC54B9208BEB}.Debug|Any CPU.ActiveCfg = Debug|Any CPU
		{A720906B-705B-4666-BBB9-AC54B9208BEB}.Debug|Any CPU.Build.0 = Debug|Any CPU
		{A720906B-705B-4666-BBB9-AC54B9208BEB}.Debug|Mixed Platforms.ActiveCfg = Debug|Any CPU
		{A720906B-705B-4666-BBB9-AC54B9208BEB}.Debug|Mixed Platforms.Build.0 = Debug|Any CPU
		{A720906B-705B-4666-BBB9-AC54B9208BEB}.Debug|x86.ActiveCfg = Debug|Any CPU
		{A720906B-705B-4666-BBB9-AC54B9208BEB}.Release|Any CPU.ActiveCfg = Release|Any CPU
		{A720906B-705B-4666-BBB9-AC54B9208BEB}.Release|Any CPU.Build.0 = Release|Any CPU
		{A720906B-705B-4666-BBB9-AC54B9208BEB}.Release|Mixed Platforms.ActiveCfg = Release|Any CPU
		{A720906B-705B-4666-BBB9-AC54B9208BEB}.Release|Mixed Platforms.Build.0 = Release|Any CPU
		{A720906B-705B-4666-BBB9-AC54B9208BEB}.Release|x86.ActiveCfg = Release|Any CPU
		{F0657B1B-8F6C-4D9E-978A-021EF77AA0E7}.Debug|Any CPU.ActiveCfg = Debug|x86
		{F0657B1B-8F6C-4D9E-978A-021EF77AA0E7}.Debug|Mixed Platforms.ActiveCfg = Debug|x86
		{F0657B1B-8F6C-4D9E-978A-021EF77AA0E7}.Debug|Mixed Platforms.Build.0 = Debug|x86
		{F0657B1B-8F6C-4D9E-978A-021EF77AA0E7}.Debug|x86.ActiveCfg = Debug|x86
		{F0657B1B-8F6C-4D9E-978A-021EF77AA0E7}.Debug|x86.Build.0 = Debug|x86
		{F0657B1B-8F6C-4D9E-978A-021EF77AA0E7}.Release|Any CPU.ActiveCfg = Release|x86
		{F0657B1B-8F6C-4D9E-978A-021EF77AA0E7}.Release|Mixed Platforms.ActiveCfg = Release|x86
		{F0657B1B-8F6C-4D9E-978A-021EF77AA0E7}.Release|Mixed Platforms.Build.0 = Release|x86
		{F0657B1B-8F6C-4D9E-978A-021EF77AA0E7}.Release|x86.ActiveCfg = Release|x86
		{F0657B1B-8F6C-4D9E-978A-021EF77AA0E7}.Release|x86.Build.0 = Release|x86
		{62BCF1E6-C3D5-45AB-962D-99563C38614A}.Debug|Any CPU.ActiveCfg = Debug|x86
		{62BCF1E6-C3D5-45AB-962D-99563C38614A}.Debug|Mixed Platforms.ActiveCfg = Debug|x86
		{62BCF1E6-C3D5-45AB-962D-99563C38614A}.Debug|Mixed Platforms.Build.0 = Debug|x86
		{62BCF1E6-C3D5-45AB-962D-99563C38614A}.Debug|x86.ActiveCfg = Debug|x86
		{62BCF1E6-C3D5-45AB-962D-99563C38614A}.Debug|x86.Build.0 = Debug|x86
		{62BCF1E6-C3D5-45AB-962D-99563C38614A}.Release|Any CPU.ActiveCfg = Release|x86
		{62BCF1E6-C3D5-45AB-962D-99563C38614A}.Release|Mixed Platforms.ActiveCfg = Release|x86
		{62BCF1E6-C3D5-45AB-962D-99563C38614A}.Release|Mixed Platforms.Build.0 = Release|x86
		{62BCF1E6-C3D5-45AB-962D-99563C38614A}.Release|x86.ActiveCfg = Release|x86
		{62BCF1E6-C3D5-45AB-962D-99563C38614A}.Release|x86.Build.0 = Release|x86
		{41271969-A6C2-4B68-B111-1A23D1E15B31}.Debug|Any CPU.ActiveCfg = Debug|x86
		{41271969-A6C2-4B68-B111-1A23D1E15B31}.Debug|Mixed Platforms.ActiveCfg = Debug|x86
		{41271969-A6C2-4B68-B111-1A23D1E15B31}.Debug|Mixed Platforms.Build.0 = Debug|x86
		{41271969-A6C2-4B68-B111-1A23D1E15B31}.Debug|x86.ActiveCfg = Debug|x86
		{41271969-A6C2-4B68-B111-1A23D1E15B31}.Debug|x86.Build.0 = Debug|x86
		{41271969-A6C2-4B68-B111-1A23D1E15B31}.Release|Any CPU.ActiveCfg = Release|x86
		{41271969-A6C2-4B68-B111-1A23D1E15B31}.Release|Mixed Platforms.ActiveCfg = Release|x86
		{41271969-A6C2-4B68-B111-1A23D1E15B31}.Release|Mixed Platforms.Build.0 = Release|x86
		{41271969-A6C2-4B68-B111-1A23D1E15B31}.Release|x86.ActiveCfg = Release|x86
		{41271969-A6C2-4B68-B111-1A23D1E15B31}.Release|x86.Build.0 = Release|x86
		{7506DDE6-1D45-4FE0-8239-985C5F6EB605}.Debug|Any CPU.ActiveCfg = Debug|Any CPU
		{7506DDE6-1D45-4FE0-8239-985C5F6EB605}.Debug|Any CPU.Build.0 = Debug|Any CPU
		{7506DDE6-1D45-4FE0-8239-985C5F6EB605}.Debug|Mixed Platforms.ActiveCfg = Debug|Any CPU
		{7506DDE6-1D45-4FE0-8239-985C5F6EB605}.Debug|Mixed Platforms.Build.0 = Debug|Any CPU
		{7506DDE6-1D45-4FE0-8239-985C5F6EB605}.Debug|x86.ActiveCfg = Debug|Any CPU
		{7506DDE6-1D45-4FE0-8239-985C5F6EB605}.Release|Any CPU.ActiveCfg = Release|Any CPU
		{7506DDE6-1D45-4FE0-8239-985C5F6EB605}.Release|Any CPU.Build.0 = Release|Any CPU
		{7506DDE6-1D45-4FE0-8239-985C5F6EB605}.Release|Mixed Platforms.ActiveCfg = Release|Any CPU
		{7506DDE6-1D45-4FE0-8239-985C5F6EB605}.Release|Mixed Platforms.Build.0 = Release|Any CPU
		{7506DDE6-1D45-4FE0-8239-985C5F6EB605}.Release|x86.ActiveCfg = Release|Any CPU
	EndGlobalSection
	GlobalSection(SolutionProperties) = preSolution
		HideSolutionNode = FALSE
	EndGlobalSection
	GlobalSection(ExtensibilityGlobals) = postSolution
		BuildVersion_UpdateFileVersion = False
		BuildVersion_BuildVersioningStyle = None.None.None.None
		BuildVersion_UseGlobalSettings = False
		BuildVersion_AssemblyInfoFilename = Common\AssemblyInfoCommon.cs
	EndGlobalSection
EndGlobal
